
Microsoft Visual Studio Solution File, Format Version 12.00
Project("{FAE04EC0-301F-11D3-BF4B-00C04F79EFBC}") = "Lab10-OmarChoque.Api", "Lab10-OmarChoque.Api\Lab10-OmarChoque.Api.csproj", "{4ED4AAE8-297D-4BE2-83E1-1BF14C31D8B3}"
EndProject
Project("{FAE04EC0-301F-11D3-BF4B-00C04F79EFBC}") = "Lab10-OmarChoque.Domain", "Lab10-OmarChoque.Domain\Lab10-OmarChoque.Domain.csproj", "{BD5FD0E4-552E-4664-9B6E-5FC9F0D3A993}"
EndProject
Project("{FAE04EC0-301F-11D3-BF4B-00C04F79EFBC}") = "Lab10-OmarChoque.Infrastructure", "Lab10-OmarChoque.Infrastructure\Lab10-OmarChoque.Infrastructure.csproj", "{FC4E28DD-47A9-4D7D-8B27-78E4FFC86AC7}"
EndProject
Project("{FAE04EC0-301F-11D3-BF4B-00C04F79EFBC}") = "Lab10-OmarChoque.Application", "Lab10-OmarChoque.Application\Lab10-OmarChoque.Application.csproj", "{D2B2401B-3195-4CAC-B69F-6E363D7CD056}"
EndProject
Global
	GlobalSection(SolutionConfigurationPlatforms) = preSolution
		Debug|Any CPU = Debug|Any CPU
		Release|Any CPU = Release|Any CPU
	EndGlobalSection
	GlobalSection(ProjectConfigurationPlatforms) = postSolution
		{4ED4AAE8-297D-4BE2-83E1-1BF14C31D8B3}.Debug|Any CPU.ActiveCfg = Debug|Any CPU
		{4ED4AAE8-297D-4BE2-83E1-1BF14C31D8B3}.Debug|Any CPU.Build.0 = Debug|Any CPU
		{4ED4AAE8-297D-4BE2-83E1-1BF14C31D8B3}.Release|Any CPU.ActiveCfg = Release|Any CPU
		{4ED4AAE8-297D-4BE2-83E1-1BF14C31D8B3}.Release|Any CPU.Build.0 = Release|Any CPU
		{BD5FD0E4-552E-4664-9B6E-5FC9F0D3A993}.Debug|Any CPU.ActiveCfg = Debug|Any CPU
		{BD5FD0E4-552E-4664-9B6E-5FC9F0D3A993}.Debug|Any CPU.Build.0 = Debug|Any CPU
		{BD5FD0E4-552E-4664-9B6E-5FC9F0D3A993}.Release|Any CPU.ActiveCfg = Release|Any CPU
		{BD5FD0E4-552E-4664-9B6E-5FC9F0D3A993}.Release|Any CPU.Build.0 = Release|Any CPU
		{FC4E28DD-47A9-4D7D-8B27-78E4FFC86AC7}.Debug|Any CPU.ActiveCfg = Debug|Any CPU
		{FC4E28DD-47A9-4D7D-8B27-78E4FFC86AC7}.Debug|Any CPU.Build.0 = Debug|Any CPU
		{FC4E28DD-47A9-4D7D-8B27-78E4FFC86AC7}.Release|Any CPU.ActiveCfg = Release|Any CPU
		{FC4E28DD-47A9-4D7D-8B27-78E4FFC86AC7}.Release|Any CPU.Build.0 = Release|Any CPU
		{D2B2401B-3195-4CAC-B69F-6E363D7CD056}.Debug|Any CPU.ActiveCfg = Debug|Any CPU
		{D2B2401B-3195-4CAC-B69F-6E363D7CD056}.Debug|Any CPU.Build.0 = Debug|Any CPU
		{D2B2401B-3195-4CAC-B69F-6E363D7CD056}.Release|Any CPU.ActiveCfg = Release|Any CPU
		{D2B2401B-3195-4CAC-B69F-6E363D7CD056}.Release|Any CPU.Build.0 = Release|Any CPU
	EndGlobalSection
EndGlobal
